{
  "name": "YOLO-Car-Damage-Detection-v2",
  "lockfileVersion": 3,
  "requires": true,
  "packages": {
    "": {
      "dependencies": {
        "three-mesh-bvh": "^0.8.3"
      }
    },
    "node_modules/three": {
      "version": "0.175.0",
      "resolved": "https://registry.npmjs.org/three/-/three-0.175.0.tgz",
      "integrity": "sha512-nNE3pnTHxXN/Phw768u0Grr7W4+rumGg/H6PgeseNJojkJtmeHJfZWi41Gp2mpXl1pg1pf1zjwR4McM1jTqkpg==",
      "license": "MIT",
      "peer": true
    },
    "node_modules/three-mesh-bvh": {
      "version": "0.8.3",
      "resolved": "https://registry.npmjs.org/three-mesh-bvh/-/three-mesh-bvh-0.8.3.tgz",
      "integrity": "sha512-4G5lBaF+g2auKX3P0yqx+MJC6oVt6sB5k+CchS6Ob0qvH0YIhuUk1eYr7ktsIpY+albCqE80/FVQGV190PmiAg==",
      "license": "MIT",
      "peerDependencies": {
        "three": ">= 0.159.0"
      }
    }
  }
}
